
Microsoft Visual Studio Solution File, Format Version 12.00
# Visual Studio Version 16
VisualStudioVersion = 16.0.34301.259
MinimumVisualStudioVersion = 10.0.40219.1
Project("{FAE04EC0-301F-11D3-BF4B-00C04F79EFBC}") = "HuynhVanToan_0153_BaiTapLinQ", "HuynhVanToan_0153_BaiTapLinQ\HuynhVanToan_0153_BaiTapLinQ.csproj", "{3783594E-9F3C-4827-A483-0BF6651161E1}"
EndProject
Global
	GlobalSection(SolutionConfigurationPlatforms) = preSolution
		Debug|Any CPU = Debug|Any CPU
		Release|Any CPU = Release|Any CPU
	EndGlobalSection
	GlobalSection(ProjectConfigurationPlatforms) = postSolution
		{3783594E-9F3C-4827-A483-0BF6651161E1}.Debug|Any CPU.ActiveCfg = Debug|Any CPU
		{3783594E-9F3C-4827-A483-0BF6651161E1}.Debug|Any CPU.Build.0 = Debug|Any CPU
		{3783594E-9F3C-4827-A483-0BF6651161E1}.Release|Any CPU.ActiveCfg = Release|Any CPU
		{3783594E-9F3C-4827-A483-0BF6651161E1}.Release|Any CPU.Build.0 = Release|Any CPU
	EndGlobalSection
	GlobalSection(SolutionProperties) = preSolution
		HideSolutionNode = FALSE
	EndGlobalSection
	GlobalSection(ExtensibilityGlobals) = postSolution
		SolutionGuid = {04D05D41-DE59-4855-B054-56C290AE0215}
	EndGlobalSection
EndGlobal
